
Microsoft Visual Studio Solution File, Format Version 12.00
# Visual Studio Version 17
VisualStudioVersion = 17.3.32901.215
MinimumVisualStudioVersion = 10.0.40219.1
Project("{FAE04EC0-301F-11D3-BF4B-00C04F79EFBC}") = "One- dimensional arrays", "One- dimensional arrays\One- dimensional arrays.csproj", "{238C3E3E-CDD9-4B11-9D40-DA6C002BA104}"
EndProject
Global
	GlobalSection(SolutionConfigurationPlatforms) = preSolution
		Debug|Any CPU = Debug|Any CPU
		Release|Any CPU = Release|Any CPU
	EndGlobalSection
	GlobalSection(ProjectConfigurationPlatforms) = postSolution
		{238C3E3E-CDD9-4B11-9D40-DA6C002BA104}.Debug|Any CPU.ActiveCfg = Debug|Any CPU
		{238C3E3E-CDD9-4B11-9D40-DA6C002BA104}.Debug|Any CPU.Build.0 = Debug|Any CPU
		{238C3E3E-CDD9-4B11-9D40-DA6C002BA104}.Release|Any CPU.ActiveCfg = Release|Any CPU
		{238C3E3E-CDD9-4B11-9D40-DA6C002BA104}.Release|Any CPU.Build.0 = Release|Any CPU
	EndGlobalSection
	GlobalSection(SolutionProperties) = preSolution
		HideSolutionNode = FALSE
	EndGlobalSection
	GlobalSection(ExtensibilityGlobals) = postSolution
		SolutionGuid = {CF2B5494-8F7D-4BB5-814A-D3EC026B7BCE}
	EndGlobalSection
EndGlobal
